{
  "name": "easy-flow",
  "version": "0.1.0",
  "lockfileVersion": 1,
  "requires": true,
  "dependencies": {
    "@types/draft-js": {
      "version": "0.11.3",
      "resolved": "https://registry.nlark.com/@types/draft-js/download/@types/draft-js-0.11.3.tgz",
      "integrity": "sha1-gRDBQ+CrQZwE90lICzE+bMyHE7s=",
      "dev": true,
      "requires": {
        "@types/react": "*",
        "immutable": "~3.7.4"
      }
    },
    "@types/draftjs-to-html": {
      "version": "0.8.0",
      "resolved": "https://registry.nlark.com/@types/draftjs-to-html/download/@types/draftjs-to-html-0.8.0.tgz",
      "integrity": "sha1-F7HD8ZhHcQ5SNnJ3V4psUOMRyHo=",
      "dev": true,
      "requires": {
        "@types/draft-js": "*"
      }
    },
    "@types/html-to-draftjs": {
      "version": "1.4.0",
      "resolved": "https://registry.nlark.com/@types/html-to-draftjs/download/@types/html-to-draftjs-1.4.0.tgz",
      "integrity": "sha1-v9cS08WZPgZEt20mVK3q4hRnj64=",
      "dev": true,
      "requires": {
        "@types/draft-js": "*"
      }
    },
    "@types/node": {
      "version": "12.20.12",
      "resolved": "https://registry.nlark.com/@types/node/download/@types/node-12.20.12.tgz",
      "integrity": "sha1-/ZwcLPq1NqI4PtHvcPlK3qdDoiY=",
      "dev": true
    },
    "@types/prop-types": {
      "version": "15.7.3",
      "resolved": "https://registry.nlark.com/@types/prop-types/download/@types/prop-types-15.7.3.tgz?cache=0&sync_timestamp=1621242237823&other_urls=https%3A%2F%2Fregistry.nlark.com%2F%40types%2Fprop-types%2Fdownload%2F%40types%2Fprop-types-15.7.3.tgz",
      "integrity": "sha1-KrDV2i5YFflLC51LldHl8kOrLKc=",
      "dev": true
    },
    "@types/react": {
      "version": "17.0.8",
      "resolved": "https://registry.nlark.com/@types/react/download/@types/react-17.0.8.tgz",
      "integrity": "sha1-/nbjug+7VgJwQRD9HjA1zzlHeOM=",
      "dev": true,
      "requires": {
        "@types/prop-types": "*",
        "@types/scheduler": "*",
        "csstype": "^3.0.2"
      }
    },
    "@types/react-draft-wysiwyg": {
      "version": "1.13.2",
      "resolved": "https://registry.nlark.com/@types/react-draft-wysiwyg/download/@types/react-draft-wysiwyg-1.13.2.tgz",
      "integrity": "sha1-lb0xVTWR30FPvR43VF/M1Y1G9zE=",
      "dev": true,
      "requires": {
        "@types/draft-js": "*",
        "@types/react": "*"
      }
    },
    "@types/scheduler": {
      "version": "0.16.1",
      "resolved": "https://registry.nlark.com/@types/scheduler/download/@types/scheduler-0.16.1.tgz?cache=0&sync_timestamp=1621242658440&other_urls=https%3A%2F%2Fregistry.nlark.com%2F%40types%2Fscheduler%2Fdownload%2F%40types%2Fscheduler-0.16.1.tgz",
      "integrity": "sha1-GIRSBehv8AOFF6q3oYpiprn3EnU=",
      "dev": true
    },
    "asap": {
      "version": "2.0.6",
      "resolved": "https://registry.npm.taobao.org/asap/download/asap-2.0.6.tgz",
      "integrity": "sha1-5QNHYR1+aQlDIIu9r+vLwvuGbUY="
    },
    "core-js": {
      "version": "3.13.1",
      "resolved": "https://registry.nlark.com/core-js/download/core-js-3.13.1.tgz?cache=0&sync_timestamp=1622278985178&other_urls=https%3A%2F%2Fregistry.nlark.com%2Fcore-js%2Fdownload%2Fcore-js-3.13.1.tgz",
      "integrity": "sha1-MDA/q9U2OIkgYti06ALKx1men7c="
    },
    "cross-fetch": {
      "version": "3.1.4",
      "resolved": "https://registry.npm.taobao.org/cross-fetch/download/cross-fetch-3.1.4.tgz",
      "integrity": "sha1-lyPzo6JHv4uJA586OAqSROj6Lzk=",
      "requires": {
        "node-fetch": "2.6.1"
      }
    },
    "csstype": {
      "version": "3.0.8",
      "resolved": "https://registry.nlark.com/csstype/download/csstype-3.0.8.tgz?cache=0&sync_timestamp=1618818393132&other_urls=https%3A%2F%2Fregistry.nlark.com%2Fcsstype%2Fdownload%2Fcsstype-3.0.8.tgz",
      "integrity": "sha1-0iZqeScp+yJ80hb7Vy9Dco4a00A=",
      "dev": true
    },
    "draft-js": {
      "version": "0.11.7",
      "resolved": "https://registry.npm.taobao.org/draft-js/download/draft-js-0.11.7.tgz",
      "integrity": "sha1-vik6qiVcRtimZH84YKpMF4SEogY=",
      "requires": {
        "fbjs": "^2.0.0",
        "immutable": "~3.7.4",
        "object-assign": "^4.1.1"
      }
    },
    "draftjs-to-html": {
      "version": "0.9.1",
      "resolved": "https://registry.npm.taobao.org/draftjs-to-html/download/draftjs-to-html-0.9.1.tgz",
      "integrity": "sha1-HIcPu1iNI5AgTLTQ7n4ErQxwmWk="
    },
    "draftjs-utils": {
      "version": "0.10.2",
      "resolved": "https://registry.npm.taobao.org/draftjs-utils/download/draftjs-utils-0.10.2.tgz",
      "integrity": "sha1-p/FtLBwXSsOLo7v3AMJW8XayaZw="
    },
    "fbjs": {
      "version": "2.0.0",
      "resolved": "https://registry.npm.taobao.org/fbjs/download/fbjs-2.0.0.tgz",
      "integrity": "sha1-AfuBITjX4xgx7T43Sv4nuRae9EI=",
      "requires": {
        "core-js": "^3.6.4",
        "cross-fetch": "^3.0.4",
        "fbjs-css-vars": "^1.0.0",
        "loose-envify": "^1.0.0",
        "object-assign": "^4.1.0",
        "promise": "^7.1.1",
        "setimmediate": "^1.0.5",
        "ua-parser-js": "^0.7.18"
      }
    },
    "fbjs-css-vars": {
      "version": "1.0.2",
      "resolved": "https://registry.npm.taobao.org/fbjs-css-vars/download/fbjs-css-vars-1.0.2.tgz",
      "integrity": "sha1-IWVRE2rgL+JVkyw+yHdfGOLAeLg="
    },
    "html-to-draftjs": {
      "version": "1.5.0",
      "resolved": "https://registry.npm.taobao.org/html-to-draftjs/download/html-to-draftjs-1.5.0.tgz",
      "integrity": "sha1-DfDqv0Kd6u22P1yFmIniyYNgboY="
    },
    "immutable": {
      "version": "3.7.6",
      "resolved": "https://registry.npm.taobao.org/immutable/download/immutable-3.7.6.tgz",
      "integrity": "sha1-E7TTyxK++hVIKib+Gy665kAHHks="
    },
    "js-tokens": {
      "version": "4.0.0",
      "resolved": "https://registry.nlark.com/js-tokens/download/js-tokens-4.0.0.tgz",
      "integrity": "sha1-GSA/tZmR35jjoocFDUZHzerzJJk="
    },
    "linkify-it": {
      "version": "2.2.0",
      "resolved": "https://registry.npm.taobao.org/linkify-it/download/linkify-it-2.2.0.tgz?cache=0&sync_timestamp=1616419128556&other_urls=https%3A%2F%2Fregistry.npm.taobao.org%2Flinkify-it%2Fdownload%2Flinkify-it-2.2.0.tgz",
      "integrity": "sha1-47VGl+eL+RXHCjis14/QngBYsc8=",
      "requires": {
        "uc.micro": "^1.0.1"
      }
    },
    "loose-envify": {
      "version": "1.4.0",
      "resolved": "https://registry.npm.taobao.org/loose-envify/download/loose-envify-1.4.0.tgz",
      "integrity": "sha1-ce5R+nvkyuwaY4OffmgtgTLTDK8=",
      "requires": {
        "js-tokens": "^3.0.0 || ^4.0.0"
      }
    },
    "node-fetch": {
      "version": "2.6.1",
      "resolved": "https://registry.npm.taobao.org/node-fetch/download/node-fetch-2.6.1.tgz?cache=0&other_urls=https%3A%2F%2Fregistry.npm.taobao.org%2Fnode-fetch%2Fdownload%2Fnode-fetch-2.6.1.tgz",
      "integrity": "sha1-BFvTI2Mfdu0uK1VXM5RBa2OaAFI="
    },
    "object-assign": {
      "version": "4.1.1",
      "resolved": "https://registry.npm.taobao.org/object-assign/download/object-assign-4.1.1.tgz",
      "integrity": "sha1-IQmtx5ZYh8/AXLvUQsrIv7s2CGM="
    },
    "promise": {
      "version": "7.3.1",
      "resolved": "https://registry.npm.taobao.org/promise/download/promise-7.3.1.tgz",
      "integrity": "sha1-BktyYCsY+Q8pGSuLG8QY/9Hr078=",
      "requires": {
        "asap": "~2.0.3"
      }
    },
    "prop-types": {
      "version": "15.7.2",
      "resolved": "https://registry.npm.taobao.org/prop-types/download/prop-types-15.7.2.tgz",
      "integrity": "sha1-UsQedbjIfnK52TYOAga5ncv/psU=",
      "requires": {
        "loose-envify": "^1.4.0",
        "object-assign": "^4.1.1",
        "react-is": "^16.8.1"
      }
    },
    "react-draft-wysiwyg": {
      "version": "1.14.7",
      "resolved": "https://registry.nlark.com/react-draft-wysiwyg/download/react-draft-wysiwyg-1.14.7.tgz",
      "integrity": "sha1-XSf+ith958aS2tc5uHh/OsHzwk4=",
      "requires": {
        "classnames": "^2.2.6",
        "draftjs-utils": "^0.10.2",
        "html-to-draftjs": "^1.5.0",
        "linkify-it": "^2.2.0",
        "prop-types": "^15.7.2"
      },
      "dependencies": {
        "classnames": {
          "version": "2.3.1",
          "resolved": "https://registry.npm.taobao.org/classnames/download/classnames-2.3.1.tgz",
          "integrity": "sha1-38+jiR4wbsHa0QXQ6I9EF7hTXo4="
        }
      }
    },
    "react-is": {
      "version": "16.13.1",
      "resolved": "https://registry.nlark.com/react-is/download/react-is-16.13.1.tgz?cache=0&sync_timestamp=1622564681987&other_urls=https%3A%2F%2Fregistry.nlark.com%2Freact-is%2Fdownload%2Freact-is-16.13.1.tgz",
      "integrity": "sha1-eJcppNw23imZ3BVt1sHZwYzqVqQ="
    },
    "setimmediate": {
      "version": "1.0.5",
      "resolved": "https://registry.npm.taobao.org/setimmediate/download/setimmediate-1.0.5.tgz",
      "integrity": "sha1-KQy7Iy4waULX1+qbg3Mqt4VvgoU="
    },
    "ua-parser-js": {
      "version": "0.7.28",
      "resolved": "https://registry.npm.taobao.org/ua-parser-js/download/ua-parser-js-0.7.28.tgz",
      "integrity": "sha1-i6BOZT81ziECOcZGYWhb+RId7DE="
    },
    "uc.micro": {
      "version": "1.0.6",
      "resolved": "https://registry.npm.taobao.org/uc.micro/download/uc.micro-1.0.6.tgz",
      "integrity": "sha1-nEEagCpAmpH8bPdAgbq6NLJEmaw="
    }
  }
}
